// !$*UTF8*$!
{
	archiveVersion = 1;
	classes = {
	};
	objectVersion = 46;
	objects = {

/* Begin PBXBuildFile section */
		A7FBC6211F0B8A0D00EB69C8 /* AppDelegate.swift in Sources */ = {isa = PBXBuildFile; fileRef = A7FBC6201F0B8A0D00EB69C8 /* AppDelegate.swift */; };
		A7FBC6231F0B8A0D00EB69C8 /* ViewController.swift in Sources */ = {isa = PBXBuildFile; fileRef = A7FBC6221F0B8A0D00EB69C8 /* ViewController.swift */; };
		A7FBC6261F0B8A0D00EB69C8 /* Main.storyboard in Resources */ = {isa = PBXBuildFile; fileRef = A7FBC6241F0B8A0D00EB69C8 /* Main.storyboard */; };
		A7FBC6281F0B8A0D00EB69C8 /* Assets.xcassets in Resources */ = {isa = PBXBuildFile; fileRef = A7FBC6271F0B8A0D00EB69C8 /* Assets.xcassets */; };
		A7FBC62B1F0B8A0D00EB69C8 /* LaunchScreen.storyboard in Resources */ = {isa = PBXBuildFile; fileRef = A7FBC6291F0B8A0D00EB69C8 /* LaunchScreen.storyboard */; };
		A7FBC6351F0B8A2D00EB69C8 /* board.png in Resources */ = {isa = PBXBuildFile; fileRef = A7FBC6321F0B8A2D00EB69C8 /* board.png */; };
		A7FBC6361F0B8A2D00EB69C8 /* o.png in Resources */ = {isa = PBXBuildFile; fileRef = A7FBC6331F0B8A2D00EB69C8 /* o.png */; };
		A7FBC6371F0B8A2D00EB69C8 /* x.png in Resources */ = {isa = PBXBuildFile; fileRef = A7FBC6341F0B8A2D00EB69C8 /* x.png */; };
/* End PBXBuildFile section */

/* Begin PBXFileReference section */
		A7FBC61D1F0B8A0D00EB69C8 /* tictactoe.app */ = {isa = PBXFileReference; explicitFileType = wrapper.application; includeInIndex = 0; path = tictactoe.app; sourceTree = BUILT_PRODUCTS_DIR; };
		A7FBC6201F0B8A0D00EB69C8 /* AppDelegate.swift */ = {isa = PBXFileReference; lastKnownFileType = sourcecode.swift; path = AppDelegate.swift; sourceTree = "<group>"; };
		A7FBC6221F0B8A0D00EB69C8 /* ViewController.swift */ = {isa = PBXFileReference; lastKnownFileType = sourcecode.swift; path = ViewController.swift; sourceTree = "<group>"; };
		A7FBC6251F0B8A0D00EB69C8 /* Base */ = {isa = PBXFileReference; lastKnownFileType = file.storyboard; name = Base; path = Base.lproj/Main.storyboard; sourceTree = "<group>"; };
		A7FBC6271F0B8A0D00EB69C8 /* Assets.xcassets */ = {isa = PBXFileReference; lastKnownFileType = folder.assetcatalog; path = Assets.xcassets; sourceTree = "<group>"; };
		A7FBC62A1F0B8A0D00EB69C8 /* Base */ = {isa = PBXFileReference; lastKnownFileType = file.storyboard; name = Base; path = Base.lproj/LaunchScreen.storyboard; sourceTree = "<group>"; };
		A7FBC62C1F0B8A0D00EB69C8 /* Info.plist */ = {isa = PBXFileReference; lastKnownFileType = text.plist.xml; path = Info.plist; sourceTree = "<group>"; };
		A7FBC6321F0B8A2D00EB69C8 /* board.png */ = {isa = PBXFileReference; lastKnownFileType = image.png; path = board.png; sourceTree = "<group>"; };
		A7FBC6331F0B8A2D00EB69C8 /* o.png */ = {isa = PBXFileReference; lastKnownFileType = image.png; path = o.png; sourceTree = "<group>"; };
		A7FBC6341F0B8A2D00EB69C8 /* x.png */ = {isa = PBXFileReference; lastKnownFileType = image.png; path = x.png; sourceTree = "<group>"; };
/* End PBXFileReference section */

/* Begin PBXFrameworksBuildPhase section */
		A7FBC61A1F0B8A0D00EB69C8 /* Frameworks */ = {
			isa = PBXFrameworksBuildPhase;
			buildActionMask = 2147483647;
			files = (
			);
			runOnlyForDeploymentPostprocessing = 0;
		};
/* End PBXFrameworksBuildPhase section */

/* Begin PBXGroup section */
		A7FBC6141F0B8A0D00EB69C8 = {
			isa = PBXGroup;
			children = (
				A7FBC61F1F0B8A0D00EB69C8 /* tictactoe */,
				A7FBC61E1F0B8A0D00EB69C8 /* Products */,
			);
			sourceTree = "<group>";
		};
		A7FBC61E1F0B8A0D00EB69C8 /* Products */ = {
			isa = PBXGroup;
			children = (
				A7FBC61D1F0B8A0D00EB69C8 /* tictactoe.app */,
			);
			name = Products;
			sourceTree = "<group>";
		};
		A7FBC61F1F0B8A0D00EB69C8 /* tictactoe */ = {
			isa = PBXGroup;
			children = (
				A7FBC6201F0B8A0D00EB69C8 /* AppDelegate.swift */,
				A7FBC6221F0B8A0D00EB69C8 /* ViewController.swift */,
				A7FBC6241F0B8A0D00EB69C8 /* Main.storyboard */,
				A7FBC6271F0B8A0D00EB69C8 /* Assets.xcassets */,
				A7FBC6291F0B8A0D00EB69C8 /* LaunchScreen.storyboard */,
				A7FBC62C1F0B8A0D00EB69C8 /* Info.plist */,
				A7FBC6321F0B8A2D00EB69C8 /* board.png */,
				A7FBC6331F0B8A2D00EB69C8 /* o.png */,
				A7FBC6341F0B8A2D00EB69C8 /* x.png */,
			);
			path = tictactoe;
			sourceTree = "<group>";
		};
/* End PBXGroup section */

/* Begin PBXNativeTarget section */
		A7FBC61C1F0B8A0D00EB69C8 /* tictactoe */ = {
			isa = PBXNativeTarget;
			buildConfigurationList = A7FBC62F1F0B8A0D00EB69C8 /* Build configuration list for PBXNativeTarget "tictactoe" */;
			buildPhases = (
				A7FBC6191F0B8A0D00EB69C8 /* Sources */,
				A7FBC61A1F0B8A0D00EB69C8 /* Frameworks */,
				A7FBC61B1F0B8A0D00EB69C8 /* Resources */,
			);
			buildRules = (
			);
			dependencies = (
			);
			name = tictactoe;
			productName = tictactoe;
			productReference = A7FBC61D1F0B8A0D00EB69C8 /* tictactoe.app */;
			productType = "com.apple.product-type.application";
		};
/* End PBXNativeTarget section */

/* Begin PBXProject section */
		A7FBC6151F0B8A0D00EB69C8 /* Project object */ = {
			isa = PBXProject;
			attributes = {
				LastSwiftUpdateCheck = 0830;
				LastUpgradeCheck = 0830;
				ORGANIZATIONNAME = patrickmarshall;
				TargetAttributes = {
					A7FBC61C1F0B8A0D00EB69C8 = {
						CreatedOnToolsVersion = 8.3.2;
						DevelopmentTeam = 2944YX8X8W;
						ProvisioningStyle = Automatic;
					};
				};
			};
			buildConfigurationList = A7FBC6181F0B8A0D00EB69C8 /* Build configuration list for PBXProject "tictactoe" */;
			compatibilityVersion = "Xcode 3.2";
			developmentRegion = English;
			hasScannedForEncodings = 0;
			knownRegions = (
				en,
				Base,
			);
			mainGroup = A7FBC6141F0B8A0D00EB69C8;
			productRefGroup = A7FBC61E1F0B8A0D00EB69C8 /* Products */;
			projectDirPath = "";
			projectRoot = "";
			targets = (
				A7FBC61C1F0B8A0D00EB69C8 /* tictactoe */,
			);
		};
/* End PBXProject section */

/* Begin PBXResourcesBuildPhase section */
		A7FBC61B1F0B8A0D00EB69C8 /* Resources */ = {
			isa = PBXResourcesBuildPhase;
			buildActionMask = 2147483647;
			files = (
				A7FBC6371F0B8A2D00EB69C8 /* x.png in Resources */,
				A7FBC6361F0B8A2D00EB69C8 /* o.png in Resources */,
				A7FBC6351F0B8A2D00EB69C8 /* board.png in Resources */,
				A7FBC62B1F0B8A0D00EB69C8 /* LaunchScreen.storyboard in Resources */,
				A7FBC6281F0B8A0D00EB69C8 /* Assets.xcassets in Resources */,
				A7FBC6261F0B8A0D00EB69C8 /* Main.storyboard in Resources */,
			);
			runOnlyForDeploymentPostprocessing = 0;
		};
/* End PBXResourcesBuildPhase section */

/* Begin PBXSourcesBuildPhase section */
		A7FBC6191F0B8A0D00EB69C8 /* Sources */ = {
			isa = PBXSourcesBuildPhase;
			buildActionMask = 2147483647;
			files = (
				A7FBC6231F0B8A0D00EB69C8 /* ViewController.swift in Sources */,
				A7FBC6211F0B8A0D00EB69C8 /* AppDelegate.swift in Sources */,
			);
			runOnlyForDeploymentPostprocessing = 0;
		};
/* End PBXSourcesBuildPhase section */

/* Begin PBXVariantGroup section */
		A7FBC6241F0B8A0D00EB69C8 /* Main.storyboard */ = {
			isa = PBXVariantGroup;
			children = (
				A7FBC6251F0B8A0D00EB69C8 /* Base */,
			);
			name = Main.storyboard;
			sourceTree = "<group>";
		};
		A7FBC6291F0B8A0D00EB69C8 /* LaunchScreen.storyboard */ = {
			isa = PBXVariantGroup;
			children = (
				A7FBC62A1F0B8A0D00EB69C8 /* Base */,
			);
			name = LaunchScreen.storyboard;
			sourceTree = "<group>";
		};
/* End PBXVariantGroup section */

/* Begin XCBuildConfiguration section */
		A7FBC62D1F0B8A0D00EB69C8 /* Debug */ = {
			isa = XCBuildConfiguration;
			buildSettings = {
				ALWAYS_SEARCH_USER_PATHS = NO;
				CLANG_ANALYZER_NONNULL = YES;
				CLANG_ANALYZER_NUMBER_OBJECT_CONVERSION = YES_AGGRESSIVE;
				CLANG_CXX_LANGUAGE_STANDARD = "gnu++0x";
				CLANG_CXX_LIBRARY = "libc++";
				CLANG_ENABLE_MODULES = YES;
				CLANG_ENABLE_OBJC_ARC = YES;
				CLANG_WARN_BOOL_CONVERSION = YES;
				CLANG_WARN_CONSTANT_CONVERSION = YES;
				CLANG_WARN_DIRECT_OBJC_ISA_USAGE = YES_ERROR;
				CLANG_WARN_DOCUMENTATION_COMMENTS = YES;
				CLANG_WARN_EMPTY_BODY = YES;
				CLANG_WARN_ENUM_CONVERSION = YES;
				CLANG_WARN_INFINITE_RECURSION = YES;
				CLANG_WARN_INT_CONVERSION = YES;
				CLANG_WARN_OBJC_ROOT_CLASS = YES_ERROR;
				CLANG_WARN_SUSPICIOUS_MOVE = YES;
				CLANG_WARN_UNREACHABLE_CODE = YES;
				CLANG_WARN__DUPLICATE_METHOD_MATCH = YES;
				"CODE_SIGN_IDENTITY[sdk=iphoneos*]" = "iPhone Developer";
				COPY_PHASE_STRIP = NO;
				DEBUG_INFORMATION_FORMAT = dwarf;
				ENABLE_STRICT_OBJC_MSGSEND = YES;
				ENABLE_TESTABILITY = YES;
				GCC_C_LANGUAGE_STANDARD = gnu99;
				GCC_DYNAMIC_NO_PIC = NO;
				GCC_NO_COMMON_BLOCKS = YES;
				GCC_OPTIMIZATION_LEVEL = 0;
				GCC_PREPROCESSOR_DEFINITIONS = (
					"DEBUG=1",
					"$(inherited)",
				);
				GCC_WARN_64_TO_32_BIT_CONVERSION = YES;
				GCC_WARN_ABOUT_RETURN_TYPE = YES_ERROR;
				GCC_WARN_UNDECLARED_SELECTOR = YES;
				GCC_WARN_UNINITIALIZED_AUTOS = YES_AGGRESSIVE;
				GCC_WARN_UNUSED_FUNCTION = YES;
				GCC_WARN_UNUSED_VARIABLE = YES;
				IPHONEOS_DEPLOYMENT_TARGET = 10.3;
				MTL_ENABLE_DEBUG_INFO = YES;
				ONLY_ACTIVE_ARCH = YES;
				SDKROOT = iphoneos;
				SWIFT_ACTIVE_COMPILATION_CONDITIONS = DEBUG;
				SWIFT_OPTIMIZATION_LEVEL = "-Onone";
			};
			name = Debug;
		};
		A7FBC62E1F0B8A0D00EB69C8 /* Release */ = {
			isa = XCBuildConfiguration;
			buildSettings = {
				ALWAYS_SEARCH_USER_PATHS = NO;
				CLANG_ANALYZER_NONNULL = YES;
				CLANG_ANALYZER_NUMBER_OBJECT_CONVERSION = YES_AGGRESSIVE;
				CLANG_CXX_LANGUAGE_STANDARD = "gnu++0x";
				CLANG_CXX_LIBRARY = "libc++";
				CLANG_ENABLE_MODULES = YES;
				CLANG_ENABLE_OBJC_ARC = YES;
				CLANG_WARN_BOOL_CONVERSION = YES;
				CLANG_WARN_CONSTANT_CONVERSION = YES;
				CLANG_WARN_DIRECT_OBJC_ISA_USAGE = YES_ERROR;
				CLANG_WARN_DOCUMENTATION_COMMENTS = YES;
				CLANG_WARN_EMPTY_BODY = YES;
				CLANG_WARN_ENUM_CONVERSION = YES;
				CLANG_WARN_INFINITE_RECURSION = YES;
				CLANG_WARN_INT_CONVERSION = YES;
				CLANG_WARN_OBJC_ROOT_CLASS = YES_ERROR;
				CLANG_WARN_SUSPICIOUS_MOVE = YES;
				CLANG_WARN_UNREACHABLE_CODE = YES;
				CLANG_WARN__DUPLICATE_METHOD_MATCH = YES;
				"CODE_SIGN_IDENTITY[sdk=iphoneos*]" = "iPhone Developer";
				COPY_PHASE_STRIP = NO;
				DEBUG_INFORMATION_FORMAT = "dwarf-with-dsym";
				ENABLE_NS_ASSERTIONS = NO;
				ENABLE_STRICT_OBJC_MSGSEND = YES;
				GCC_C_LANGUAGE_STANDARD = gnu99;
				GCC_NO_COMMON_BLOCKS = YES;
				GCC_WARN_64_TO_32_BIT_CONVERSION = YES;
				GCC_WARN_ABOUT_RETURN_TYPE = YES_ERROR;
				GCC_WARN_UNDECLARED_SELECTOR = YES;
				GCC_WARN_UNINITIALIZED_AUTOS = YES_AGGRESSIVE;
				GCC_WARN_UNUSED_FUNCTION = YES;
				GCC_WARN_UNUSED_VARIABLE = YES;
				IPHONEOS_DEPLOYMENT_TARGET = 10.3;
				MTL_ENABLE_DEBUG_INFO = NO;
				SDKROOT = iphoneos;
				SWIFT_OPTIMIZATION_LEVEL = "-Owholemodule";
				VALIDATE_PRODUCT = YES;
			};
			name = Release;
		};
		A7FBC6301F0B8A0D00EB69C8 /* Debug */ = {
			isa = XCBuildConfiguration;
			buildSettings = {
				ASSETCATALOG_COMPILER_APPICON_NAME = AppIcon;
				DEVELOPMENT_TEAM = 2944YX8X8W;
				INFOPLIST_FILE = tictactoe/Info.plist;
				LD_RUNPATH_SEARCH_PATHS = "$(inherited) @executable_path/Frameworks";
				PRODUCT_BUNDLE_IDENTIFIER = com.patrickmarshall.tictactoe;
				PRODUCT_NAME = "$(TARGET_NAME)";
				SWIFT_VERSION = 3.0;
			};
			name = Debug;
		};
		A7FBC6311F0B8A0D00EB69C8 /* Release */ = {
			isa = XCBuildConfiguration;
			buildSettings = {
				ASSETCATALOG_COMPILER_APPICON_NAME = AppIcon;
				DEVELOPMENT_TEAM = 2944YX8X8W;
				INFOPLIST_FILE = tictactoe/Info.plist;
				LD_RUNPATH_SEARCH_PATHS = "$(inherited) @executable_path/Frameworks";
				PRODUCT_BUNDLE_IDENTIFIER = com.patrickmarshall.tictactoe;
				PRODUCT_NAME = "$(TARGET_NAME)";
				SWIFT_VERSION = 3.0;
			};
			name = Release;
		};
/* End XCBuildConfiguration section */

/* Begin XCConfigurationList section */
		A7FBC6181F0B8A0D00EB69C8 /* Build configuration list for PBXProject "tictactoe" */ = {
			isa = XCConfigurationList;
			buildConfigurations = (
				A7FBC62D1F0B8A0D00EB69C8 /* Debug */,
				A7FBC62E1F0B8A0D00EB69C8 /* Release */,
			);
			defaultConfigurationIsVisible = 0;
			defaultConfigurationName = Release;
		};
		A7FBC62F1F0B8A0D00EB69C8 /* Build configuration list for PBXNativeTarget "tictactoe" */ = {
			isa = XCConfigurationList;
			buildConfigurations = (
				A7FBC6301F0B8A0D00EB69C8 /* Debug */,
				A7FBC6311F0B8A0D00EB69C8 /* Release */,
			);
			defaultConfigurationIsVisible = 0;
		};
/* End XCConfigurationList section */
	};
	rootObject = A7FBC6151F0B8A0D00EB69C8 /* Project object */;
}
